
Microsoft Visual Studio Solution File, Format Version 12.00
# Visual Studio 15
VisualStudioVersion = 15.0.27004.2002
MinimumVisualStudioVersion = 10.0.40219.1
Project("{FAE04EC0-301F-11D3-BF4B-00C04F79EFBC}") = "Easy", "Easy\Easy.csproj", "{7144B297-3624-44C8-AAB4-6652638849F5}"
EndProject
Project("{FAE04EC0-301F-11D3-BF4B-00C04F79EFBC}") = "Easy.Tests", "Easy.Tests\Easy.Tests.csproj", "{1E32757E-9664-426A-81B2-E0FDFCBAFA8D}"
EndProject
Global
	GlobalSection(SolutionConfigurationPlatforms) = preSolution
		Debug|Any CPU = Debug|Any CPU
		Release|Any CPU = Release|Any CPU
	EndGlobalSection
	GlobalSection(ProjectConfigurationPlatforms) = postSolution
		{7144B297-3624-44C8-AAB4-6652638849F5}.Debug|Any CPU.ActiveCfg = Debug|Any CPU
		{7144B297-3624-44C8-AAB4-6652638849F5}.Debug|Any CPU.Build.0 = Debug|Any CPU
		{7144B297-3624-44C8-AAB4-6652638849F5}.Release|Any CPU.ActiveCfg = Release|Any CPU
		{7144B297-3624-44C8-AAB4-6652638849F5}.Release|Any CPU.Build.0 = Release|Any CPU
		{1E32757E-9664-426A-81B2-E0FDFCBAFA8D}.Debug|Any CPU.ActiveCfg = Debug|Any CPU
		{1E32757E-9664-426A-81B2-E0FDFCBAFA8D}.Debug|Any CPU.Build.0 = Debug|Any CPU
		{1E32757E-9664-426A-81B2-E0FDFCBAFA8D}.Release|Any CPU.ActiveCfg = Release|Any CPU
		{1E32757E-9664-426A-81B2-E0FDFCBAFA8D}.Release|Any CPU.Build.0 = Release|Any CPU
	EndGlobalSection
	GlobalSection(SolutionProperties) = preSolution
		HideSolutionNode = FALSE
	EndGlobalSection
	GlobalSection(ExtensibilityGlobals) = postSolution
		SolutionGuid = {A4097827-B6FC-4F5A-BC02-25963C2A287B}
	EndGlobalSection
EndGlobal
